// !$*UTF8*$!
{
	archiveVersion = 1;
	classes = {
	};
	objectVersion = 55;
	objects = {

/* Begin PBXBuildFile section */
		A560B65128AECBAF00C0DC23 /* arithmetickApp.swift in Sources */ = {isa = PBXBuildFile; fileRef = A560B65028AECBAF00C0DC23 /* arithmetickApp.swift */; };
		A560B65328AECBAF00C0DC23 /* ContentView.swift in Sources */ = {isa = PBXBuildFile; fileRef = A560B65228AECBAF00C0DC23 /* ContentView.swift */; };
		A560B65528AECBB000C0DC23 /* Assets.xcassets in Resources */ = {isa = PBXBuildFile; fileRef = A560B65428AECBB000C0DC23 /* Assets.xcassets */; };
		A560B65828AECBB000C0DC23 /* Preview Assets.xcassets in Resources */ = {isa = PBXBuildFile; fileRef = A560B65728AECBB000C0DC23 /* Preview Assets.xcassets */; };
		A560B66228AECBB100C0DC23 /* arithmetickTests.swift in Sources */ = {isa = PBXBuildFile; fileRef = A560B66128AECBB100C0DC23 /* arithmetickTests.swift */; };
		A560B67C28AECF2F00C0DC23 /* SFSafeSymbols in Frameworks */ = {isa = PBXBuildFile; productRef = A560B67B28AECF2F00C0DC23 /* SFSafeSymbols */; };
		A560B67F28AED1E900C0DC23 /* CategoryItemModel.swift in Sources */ = {isa = PBXBuildFile; fileRef = A560B67E28AED1E900C0DC23 /* CategoryItemModel.swift */; };
		A560B68228AEDB9400C0DC23 /* CategoryCardView.swift in Sources */ = {isa = PBXBuildFile; fileRef = A560B68128AEDB9300C0DC23 /* CategoryCardView.swift */; };
		A560B68428AEE8E100C0DC23 /* ConverterView.swift in Sources */ = {isa = PBXBuildFile; fileRef = A560B68328AEE8E100C0DC23 /* ConverterView.swift */; };
		A560B68728AEE98700C0DC23 /* ConversionViewModel.swift in Sources */ = {isa = PBXBuildFile; fileRef = A560B68628AEE98700C0DC23 /* ConversionViewModel.swift */; };
		A560B68928AEEC9700C0DC23 /* ConvertedUnitModel.swift in Sources */ = {isa = PBXBuildFile; fileRef = A560B68828AEEC9700C0DC23 /* ConvertedUnitModel.swift */; };
/* End PBXBuildFile section */

/* Begin PBXContainerItemProxy section */
		A560B65E28AECBB100C0DC23 /* PBXContainerItemProxy */ = {
			isa = PBXContainerItemProxy;
			containerPortal = A560B64528AECBAF00C0DC23 /* Project object */;
			proxyType = 1;
			remoteGlobalIDString = A560B64C28AECBAF00C0DC23;
			remoteInfo = arithmetick;
		};
		A560B66828AECBB100C0DC23 /* PBXContainerItemProxy */ = {
			isa = PBXContainerItemProxy;
			containerPortal = A560B64528AECBAF00C0DC23 /* Project object */;
			proxyType = 1;
			remoteGlobalIDString = A560B64C28AECBAF00C0DC23;
			remoteInfo = arithmetick;
		};
/* End PBXContainerItemProxy section */

/* Begin PBXFileReference section */
		A560B64D28AECBAF00C0DC23 /* arithmetick.app */ = {isa = PBXFileReference; explicitFileType = wrapper.application; includeInIndex = 0; path = arithmetick.app; sourceTree = BUILT_PRODUCTS_DIR; };
		A560B65028AECBAF00C0DC23 /* arithmetickApp.swift */ = {isa = PBXFileReference; lastKnownFileType = sourcecode.swift; path = arithmetickApp.swift; sourceTree = "<group>"; };
		A560B65228AECBAF00C0DC23 /* ContentView.swift */ = {isa = PBXFileReference; lastKnownFileType = sourcecode.swift; path = ContentView.swift; sourceTree = "<group>"; };
		A560B65428AECBB000C0DC23 /* Assets.xcassets */ = {isa = PBXFileReference; lastKnownFileType = folder.assetcatalog; path = Assets.xcassets; sourceTree = "<group>"; };
		A560B65728AECBB000C0DC23 /* Preview Assets.xcassets */ = {isa = PBXFileReference; lastKnownFileType = folder.assetcatalog; path = "Preview Assets.xcassets"; sourceTree = "<group>"; };
		A560B65D28AECBB100C0DC23 /* arithmetickTests.xctest */ = {isa = PBXFileReference; explicitFileType = wrapper.cfbundle; includeInIndex = 0; path = arithmetickTests.xctest; sourceTree = BUILT_PRODUCTS_DIR; };
		A560B66128AECBB100C0DC23 /* arithmetickTests.swift */ = {isa = PBXFileReference; lastKnownFileType = sourcecode.swift; path = arithmetickTests.swift; sourceTree = "<group>"; };
		A560B66728AECBB100C0DC23 /* arithmetickUITests.xctest */ = {isa = PBXFileReference; explicitFileType = wrapper.cfbundle; includeInIndex = 0; path = arithmetickUITests.xctest; sourceTree = BUILT_PRODUCTS_DIR; };
		A560B67E28AED1E900C0DC23 /* CategoryItemModel.swift */ = {isa = PBXFileReference; lastKnownFileType = sourcecode.swift; path = CategoryItemModel.swift; sourceTree = "<group>"; };
		A560B68128AEDB9300C0DC23 /* CategoryCardView.swift */ = {isa = PBXFileReference; lastKnownFileType = sourcecode.swift; path = CategoryCardView.swift; sourceTree = "<group>"; };
		A560B68328AEE8E100C0DC23 /* ConverterView.swift */ = {isa = PBXFileReference; lastKnownFileType = sourcecode.swift; path = ConverterView.swift; sourceTree = "<group>"; };
		A560B68628AEE98700C0DC23 /* ConversionViewModel.swift */ = {isa = PBXFileReference; lastKnownFileType = sourcecode.swift; path = ConversionViewModel.swift; sourceTree = "<group>"; };
		A560B68828AEEC9700C0DC23 /* ConvertedUnitModel.swift */ = {isa = PBXFileReference; lastKnownFileType = sourcecode.swift; path = ConvertedUnitModel.swift; sourceTree = "<group>"; };
/* End PBXFileReference section */

/* Begin PBXFrameworksBuildPhase section */
		A560B64A28AECBAF00C0DC23 /* Frameworks */ = {
			isa = PBXFrameworksBuildPhase;
			buildActionMask = 2147483647;
			files = (
				A560B67C28AECF2F00C0DC23 /* SFSafeSymbols in Frameworks */,
			);
			runOnlyForDeploymentPostprocessing = 0;
		};
		A560B65A28AECBB100C0DC23 /* Frameworks */ = {
			isa = PBXFrameworksBuildPhase;
			buildActionMask = 2147483647;
			files = (
			);
			runOnlyForDeploymentPostprocessing = 0;
		};
		A560B66428AECBB100C0DC23 /* Frameworks */ = {
			isa = PBXFrameworksBuildPhase;
			buildActionMask = 2147483647;
			files = (
			);
			runOnlyForDeploymentPostprocessing = 0;
		};
/* End PBXFrameworksBuildPhase section */

/* Begin PBXGroup section */
		A560B64428AECBAF00C0DC23 = {
			isa = PBXGroup;
			children = (
				A560B64F28AECBAF00C0DC23 /* arithmetick */,
				A560B66028AECBB100C0DC23 /* arithmetickTests */,
				A560B64E28AECBAF00C0DC23 /* Products */,
			);
			sourceTree = "<group>";
		};
		A560B64E28AECBAF00C0DC23 /* Products */ = {
			isa = PBXGroup;
			children = (
				A560B64D28AECBAF00C0DC23 /* arithmetick.app */,
				A560B65D28AECBB100C0DC23 /* arithmetickTests.xctest */,
				A560B66728AECBB100C0DC23 /* arithmetickUITests.xctest */,
			);
			name = Products;
			sourceTree = "<group>";
		};
		A560B64F28AECBAF00C0DC23 /* arithmetick */ = {
			isa = PBXGroup;
			children = (
				A560B68528AEE96900C0DC23 /* ViewModels */,
				A560B68028AEDB7D00C0DC23 /* Components */,
				A560B67D28AED19E00C0DC23 /* Models */,
				A560B65028AECBAF00C0DC23 /* arithmetickApp.swift */,
				A560B68328AEE8E100C0DC23 /* ConverterView.swift */,
				A560B65228AECBAF00C0DC23 /* ContentView.swift */,
				A560B65428AECBB000C0DC23 /* Assets.xcassets */,
				A560B65628AECBB000C0DC23 /* Preview Content */,
			);
			path = arithmetick;
			sourceTree = "<group>";
		};
		A560B65628AECBB000C0DC23 /* Preview Content */ = {
			isa = PBXGroup;
			children = (
				A560B65728AECBB000C0DC23 /* Preview Assets.xcassets */,
			);
			path = "Preview Content";
			sourceTree = "<group>";
		};
		A560B66028AECBB100C0DC23 /* arithmetickTests */ = {
			isa = PBXGroup;
			children = (
				A560B66128AECBB100C0DC23 /* arithmetickTests.swift */,
			);
			path = arithmetickTests;
			sourceTree = "<group>";
		};
		A560B67D28AED19E00C0DC23 /* Models */ = {
			isa = PBXGroup;
			children = (
				A560B67E28AED1E900C0DC23 /* CategoryItemModel.swift */,
				A560B68828AEEC9700C0DC23 /* ConvertedUnitModel.swift */,
			);
			path = Models;
			sourceTree = "<group>";
		};
		A560B68028AEDB7D00C0DC23 /* Components */ = {
			isa = PBXGroup;
			children = (
				A560B68128AEDB9300C0DC23 /* CategoryCardView.swift */,
			);
			path = Components;
			sourceTree = "<group>";
		};
		A560B68528AEE96900C0DC23 /* ViewModels */ = {
			isa = PBXGroup;
			children = (
				A560B68628AEE98700C0DC23 /* ConversionViewModel.swift */,
			);
			path = ViewModels;
			sourceTree = "<group>";
		};
/* End PBXGroup section */

/* Begin PBXNativeTarget section */
		A560B64C28AECBAF00C0DC23 /* arithmetick */ = {
			isa = PBXNativeTarget;
			buildConfigurationList = A560B67128AECBB100C0DC23 /* Build configuration list for PBXNativeTarget "arithmetick" */;
			buildPhases = (
				A560B64928AECBAF00C0DC23 /* Sources */,
				A560B64A28AECBAF00C0DC23 /* Frameworks */,
				A560B64B28AECBAF00C0DC23 /* Resources */,
			);
			buildRules = (
			);
			dependencies = (
			);
			name = arithmetick;
			packageProductDependencies = (
				A560B67B28AECF2F00C0DC23 /* SFSafeSymbols */,
			);
			productName = arithmetick;
			productReference = A560B64D28AECBAF00C0DC23 /* arithmetick.app */;
			productType = "com.apple.product-type.application";
		};
		A560B65C28AECBB100C0DC23 /* arithmetickTests */ = {
			isa = PBXNativeTarget;
			buildConfigurationList = A560B67428AECBB100C0DC23 /* Build configuration list for PBXNativeTarget "arithmetickTests" */;
			buildPhases = (
				A560B65928AECBB100C0DC23 /* Sources */,
				A560B65A28AECBB100C0DC23 /* Frameworks */,
				A560B65B28AECBB100C0DC23 /* Resources */,
			);
			buildRules = (
			);
			dependencies = (
				A560B65F28AECBB100C0DC23 /* PBXTargetDependency */,
			);
			name = arithmetickTests;
			productName = arithmetickTests;
			productReference = A560B65D28AECBB100C0DC23 /* arithmetickTests.xctest */;
			productType = "com.apple.product-type.bundle.unit-test";
		};
		A560B66628AECBB100C0DC23 /* arithmetickUITests */ = {
			isa = PBXNativeTarget;
			buildConfigurationList = A560B67728AECBB100C0DC23 /* Build configuration list for PBXNativeTarget "arithmetickUITests" */;
			buildPhases = (
				A560B66328AECBB100C0DC23 /* Sources */,
				A560B66428AECBB100C0DC23 /* Frameworks */,
				A560B66528AECBB100C0DC23 /* Resources */,
			);
			buildRules = (
			);
			dependencies = (
				A560B66928AECBB100C0DC23 /* PBXTargetDependency */,
			);
			name = arithmetickUITests;
			productName = arithmetickUITests;
			productReference = A560B66728AECBB100C0DC23 /* arithmetickUITests.xctest */;
			productType = "com.apple.product-type.bundle.ui-testing";
		};
/* End PBXNativeTarget section */

/* Begin PBXProject section */
		A560B64528AECBAF00C0DC23 /* Project object */ = {
			isa = PBXProject;
			attributes = {
				BuildIndependentTargetsInParallel = 1;
				LastSwiftUpdateCheck = 1340;
				LastUpgradeCheck = 1340;
				TargetAttributes = {
					A560B64C28AECBAF00C0DC23 = {
						CreatedOnToolsVersion = 13.4.1;
					};
					A560B65C28AECBB100C0DC23 = {
						CreatedOnToolsVersion = 13.4.1;
						TestTargetID = A560B64C28AECBAF00C0DC23;
					};
					A560B66628AECBB100C0DC23 = {
						CreatedOnToolsVersion = 13.4.1;
						TestTargetID = A560B64C28AECBAF00C0DC23;
					};
				};
			};
			buildConfigurationList = A560B64828AECBAF00C0DC23 /* Build configuration list for PBXProject "arithmetick" */;
			compatibilityVersion = "Xcode 13.0";
			developmentRegion = en;
			hasScannedForEncodings = 0;
			knownRegions = (
				en,
				Base,
			);
			mainGroup = A560B64428AECBAF00C0DC23;
			packageReferences = (
				A560B67A28AECF2F00C0DC23 /* XCRemoteSwiftPackageReference "SFSafeSymbols" */,
			);
			productRefGroup = A560B64E28AECBAF00C0DC23 /* Products */;
			projectDirPath = "";
			projectRoot = "";
			targets = (
				A560B64C28AECBAF00C0DC23 /* arithmetick */,
				A560B65C28AECBB100C0DC23 /* arithmetickTests */,
				A560B66628AECBB100C0DC23 /* arithmetickUITests */,
			);
		};
/* End PBXProject section */

/* Begin PBXResourcesBuildPhase section */
		A560B64B28AECBAF00C0DC23 /* Resources */ = {
			isa = PBXResourcesBuildPhase;
			buildActionMask = 2147483647;
			files = (
				A560B65828AECBB000C0DC23 /* Preview Assets.xcassets in Resources */,
				A560B65528AECBB000C0DC23 /* Assets.xcassets in Resources */,
			);
			runOnlyForDeploymentPostprocessing = 0;
		};
		A560B65B28AECBB100C0DC23 /* Resources */ = {
			isa = PBXResourcesBuildPhase;
			buildActionMask = 2147483647;
			files = (
			);
			runOnlyForDeploymentPostprocessing = 0;
		};
		A560B66528AECBB100C0DC23 /* Resources */ = {
			isa = PBXResourcesBuildPhase;
			buildActionMask = 2147483647;
			files = (
			);
			runOnlyForDeploymentPostprocessing = 0;
		};
/* End PBXResourcesBuildPhase section */

/* Begin PBXSourcesBuildPhase section */
		A560B64928AECBAF00C0DC23 /* Sources */ = {
			isa = PBXSourcesBuildPhase;
			buildActionMask = 2147483647;
			files = (
				A560B68228AEDB9400C0DC23 /* CategoryCardView.swift in Sources */,
				A560B68928AEEC9700C0DC23 /* ConvertedUnitModel.swift in Sources */,
				A560B67F28AED1E900C0DC23 /* CategoryItemModel.swift in Sources */,
				A560B68728AEE98700C0DC23 /* ConversionViewModel.swift in Sources */,
				A560B65328AECBAF00C0DC23 /* ContentView.swift in Sources */,
				A560B68428AEE8E100C0DC23 /* ConverterView.swift in Sources */,
				A560B65128AECBAF00C0DC23 /* arithmetickApp.swift in Sources */,
			);
			runOnlyForDeploymentPostprocessing = 0;
		};
		A560B65928AECBB100C0DC23 /* Sources */ = {
			isa = PBXSourcesBuildPhase;
			buildActionMask = 2147483647;
			files = (
				A560B66228AECBB100C0DC23 /* arithmetickTests.swift in Sources */,
			);
			runOnlyForDeploymentPostprocessing = 0;
		};
		A560B66328AECBB100C0DC23 /* Sources */ = {
			isa = PBXSourcesBuildPhase;
			buildActionMask = 2147483647;
			files = (
			);
			runOnlyForDeploymentPostprocessing = 0;
		};
/* End PBXSourcesBuildPhase section */

/* Begin PBXTargetDependency section */
		A560B65F28AECBB100C0DC23 /* PBXTargetDependency */ = {
			isa = PBXTargetDependency;
			target = A560B64C28AECBAF00C0DC23 /* arithmetick */;
			targetProxy = A560B65E28AECBB100C0DC23 /* PBXContainerItemProxy */;
		};
		A560B66928AECBB100C0DC23 /* PBXTargetDependency */ = {
			isa = PBXTargetDependency;
			target = A560B64C28AECBAF00C0DC23 /* arithmetick */;
			targetProxy = A560B66828AECBB100C0DC23 /* PBXContainerItemProxy */;
		};
/* End PBXTargetDependency section */

/* Begin XCBuildConfiguration section */
		A560B66F28AECBB100C0DC23 /* Debug */ = {
			isa = XCBuildConfiguration;
			buildSettings = {
				ALWAYS_SEARCH_USER_PATHS = NO;
				CLANG_ANALYZER_NONNULL = YES;
				CLANG_ANALYZER_NUMBER_OBJECT_CONVERSION = YES_AGGRESSIVE;
				CLANG_CXX_LANGUAGE_STANDARD = "gnu++17";
				CLANG_ENABLE_MODULES = YES;
				CLANG_ENABLE_OBJC_ARC = YES;
				CLANG_ENABLE_OBJC_WEAK = YES;
				CLANG_WARN_BLOCK_CAPTURE_AUTORELEASING = YES;
				CLANG_WARN_BOOL_CONVERSION = YES;
				CLANG_WARN_COMMA = YES;
				CLANG_WARN_CONSTANT_CONVERSION = YES;
				CLANG_WARN_DEPRECATED_OBJC_IMPLEMENTATIONS = YES;
				CLANG_WARN_DIRECT_OBJC_ISA_USAGE = YES_ERROR;
				CLANG_WARN_DOCUMENTATION_COMMENTS = YES;
				CLANG_WARN_EMPTY_BODY = YES;
				CLANG_WARN_ENUM_CONVERSION = YES;
				CLANG_WARN_INFINITE_RECURSION = YES;
				CLANG_WARN_INT_CONVERSION = YES;
				CLANG_WARN_NON_LITERAL_NULL_CONVERSION = YES;
				CLANG_WARN_OBJC_IMPLICIT_RETAIN_SELF = YES;
				CLANG_WARN_OBJC_LITERAL_CONVERSION = YES;
				CLANG_WARN_OBJC_ROOT_CLASS = YES_ERROR;
				CLANG_WARN_QUOTED_INCLUDE_IN_FRAMEWORK_HEADER = YES;
				CLANG_WARN_RANGE_LOOP_ANALYSIS = YES;
				CLANG_WARN_STRICT_PROTOTYPES = YES;
				CLANG_WARN_SUSPICIOUS_MOVE = YES;
				CLANG_WARN_UNGUARDED_AVAILABILITY = YES_AGGRESSIVE;
				CLANG_WARN_UNREACHABLE_CODE = YES;
				CLANG_WARN__DUPLICATE_METHOD_MATCH = YES;
				COPY_PHASE_STRIP = NO;
				DEBUG_INFORMATION_FORMAT = dwarf;
				ENABLE_STRICT_OBJC_MSGSEND = YES;
				ENABLE_TESTABILITY = YES;
				GCC_C_LANGUAGE_STANDARD = gnu11;
				GCC_DYNAMIC_NO_PIC = NO;
				GCC_NO_COMMON_BLOCKS = YES;
				GCC_OPTIMIZATION_LEVEL = 0;
				GCC_PREPROCESSOR_DEFINITIONS = (
					"DEBUG=1",
					"$(inherited)",
				);
				GCC_WARN_64_TO_32_BIT_CONVERSION = YES;
				GCC_WARN_ABOUT_RETURN_TYPE = YES_ERROR;
				GCC_WARN_UNDECLARED_SELECTOR = YES;
				GCC_WARN_UNINITIALIZED_AUTOS = YES_AGGRESSIVE;
				GCC_WARN_UNUSED_FUNCTION = YES;
				GCC_WARN_UNUSED_VARIABLE = YES;
				IPHONEOS_DEPLOYMENT_TARGET = 15.5;
				MTL_ENABLE_DEBUG_INFO = INCLUDE_SOURCE;
				MTL_FAST_MATH = YES;
				ONLY_ACTIVE_ARCH = YES;
				SDKROOT = iphoneos;
				SWIFT_ACTIVE_COMPILATION_CONDITIONS = DEBUG;
				SWIFT_OPTIMIZATION_LEVEL = "-Onone";
			};
			name = Debug;
		};
		A560B67028AECBB100C0DC23 /* Release */ = {
			isa = XCBuildConfiguration;
			buildSettings = {
				ALWAYS_SEARCH_USER_PATHS = NO;
				CLANG_ANALYZER_NONNULL = YES;
				CLANG_ANALYZER_NUMBER_OBJECT_CONVERSION = YES_AGGRESSIVE;
				CLANG_CXX_LANGUAGE_STANDARD = "gnu++17";
				CLANG_ENABLE_MODULES = YES;
				CLANG_ENABLE_OBJC_ARC = YES;
				CLANG_ENABLE_OBJC_WEAK = YES;
				CLANG_WARN_BLOCK_CAPTURE_AUTORELEASING = YES;
				CLANG_WARN_BOOL_CONVERSION = YES;
				CLANG_WARN_COMMA = YES;
				CLANG_WARN_CONSTANT_CONVERSION = YES;
				CLANG_WARN_DEPRECATED_OBJC_IMPLEMENTATIONS = YES;
				CLANG_WARN_DIRECT_OBJC_ISA_USAGE = YES_ERROR;
				CLANG_WARN_DOCUMENTATION_COMMENTS = YES;
				CLANG_WARN_EMPTY_BODY = YES;
				CLANG_WARN_ENUM_CONVERSION = YES;
				CLANG_WARN_INFINITE_RECURSION = YES;
				CLANG_WARN_INT_CONVERSION = YES;
				CLANG_WARN_NON_LITERAL_NULL_CONVERSION = YES;
				CLANG_WARN_OBJC_IMPLICIT_RETAIN_SELF = YES;
				CLANG_WARN_OBJC_LITERAL_CONVERSION = YES;
				CLANG_WARN_OBJC_ROOT_CLASS = YES_ERROR;
				CLANG_WARN_QUOTED_INCLUDE_IN_FRAMEWORK_HEADER = YES;
				CLANG_WARN_RANGE_LOOP_ANALYSIS = YES;
				CLANG_WARN_STRICT_PROTOTYPES = YES;
				CLANG_WARN_SUSPICIOUS_MOVE = YES;
				CLANG_WARN_UNGUARDED_AVAILABILITY = YES_AGGRESSIVE;
				CLANG_WARN_UNREACHABLE_CODE = YES;
				CLANG_WARN__DUPLICATE_METHOD_MATCH = YES;
				COPY_PHASE_STRIP = NO;
				DEBUG_INFORMATION_FORMAT = "dwarf-with-dsym";
				ENABLE_NS_ASSERTIONS = NO;
				ENABLE_STRICT_OBJC_MSGSEND = YES;
				GCC_C_LANGUAGE_STANDARD = gnu11;
				GCC_NO_COMMON_BLOCKS = YES;
				GCC_WARN_64_TO_32_BIT_CONVERSION = YES;
				GCC_WARN_ABOUT_RETURN_TYPE = YES_ERROR;
				GCC_WARN_UNDECLARED_SELECTOR = YES;
				GCC_WARN_UNINITIALIZED_AUTOS = YES_AGGRESSIVE;
				GCC_WARN_UNUSED_FUNCTION = YES;
				GCC_WARN_UNUSED_VARIABLE = YES;
				IPHONEOS_DEPLOYMENT_TARGET = 15.5;
				MTL_ENABLE_DEBUG_INFO = NO;
				MTL_FAST_MATH = YES;
				SDKROOT = iphoneos;
				SWIFT_COMPILATION_MODE = wholemodule;
				SWIFT_OPTIMIZATION_LEVEL = "-O";
				VALIDATE_PRODUCT = YES;
			};
			name = Release;
		};
		A560B67228AECBB100C0DC23 /* Debug */ = {
			isa = XCBuildConfiguration;
			buildSettings = {
				ASSETCATALOG_COMPILER_APPICON_NAME = AppIcon;
				ASSETCATALOG_COMPILER_GLOBAL_ACCENT_COLOR_NAME = AccentColor;
				CODE_SIGN_STYLE = Automatic;
				CURRENT_PROJECT_VERSION = 1;
				DEVELOPMENT_ASSET_PATHS = "\"arithmetick/Preview Content\"";
				DEVELOPMENT_TEAM = 243DN6T9ZG;
				ENABLE_PREVIEWS = YES;
				GENERATE_INFOPLIST_FILE = YES;
				INFOPLIST_KEY_UIApplicationSceneManifest_Generation = YES;
				INFOPLIST_KEY_UIApplicationSupportsIndirectInputEvents = YES;
				INFOPLIST_KEY_UILaunchScreen_Generation = YES;
				INFOPLIST_KEY_UISupportedInterfaceOrientations_iPad = "UIInterfaceOrientationPortrait UIInterfaceOrientationPortraitUpsideDown UIInterfaceOrientationLandscapeLeft UIInterfaceOrientationLandscapeRight";
				INFOPLIST_KEY_UISupportedInterfaceOrientations_iPhone = "UIInterfaceOrientationPortrait UIInterfaceOrientationLandscapeLeft UIInterfaceOrientationLandscapeRight";
				LD_RUNPATH_SEARCH_PATHS = (
					"$(inherited)",
					"@executable_path/Frameworks",
				);
				MARKETING_VERSION = 1.0;
				PRODUCT_BUNDLE_IDENTIFIER = level3studios.net.arithmetick;
				PRODUCT_NAME = "$(TARGET_NAME)";
				SWIFT_EMIT_LOC_STRINGS = YES;
				SWIFT_VERSION = 5.0;
				TARGETED_DEVICE_FAMILY = "1,2";
			};
			name = Debug;
		};
		A560B67328AECBB100C0DC23 /* Release */ = {
			isa = XCBuildConfiguration;
			buildSettings = {
				ASSETCATALOG_COMPILER_APPICON_NAME = AppIcon;
				ASSETCATALOG_COMPILER_GLOBAL_ACCENT_COLOR_NAME = AccentColor;
				CODE_SIGN_STYLE = Automatic;
				CURRENT_PROJECT_VERSION = 1;
				DEVELOPMENT_ASSET_PATHS = "\"arithmetick/Preview Content\"";
				DEVELOPMENT_TEAM = 243DN6T9ZG;
				ENABLE_PREVIEWS = YES;
				GENERATE_INFOPLIST_FILE = YES;
				INFOPLIST_KEY_UIApplicationSceneManifest_Generation = YES;
				INFOPLIST_KEY_UIApplicationSupportsIndirectInputEvents = YES;
				INFOPLIST_KEY_UILaunchScreen_Generation = YES;
				INFOPLIST_KEY_UISupportedInterfaceOrientations_iPad = "UIInterfaceOrientationPortrait UIInterfaceOrientationPortraitUpsideDown UIInterfaceOrientationLandscapeLeft UIInterfaceOrientationLandscapeRight";
				INFOPLIST_KEY_UISupportedInterfaceOrientations_iPhone = "UIInterfaceOrientationPortrait UIInterfaceOrientationLandscapeLeft UIInterfaceOrientationLandscapeRight";
				LD_RUNPATH_SEARCH_PATHS = (
					"$(inherited)",
					"@executable_path/Frameworks",
				);
				MARKETING_VERSION = 1.0;
				PRODUCT_BUNDLE_IDENTIFIER = level3studios.net.arithmetick;
				PRODUCT_NAME = "$(TARGET_NAME)";
				SWIFT_EMIT_LOC_STRINGS = YES;
				SWIFT_VERSION = 5.0;
				TARGETED_DEVICE_FAMILY = "1,2";
			};
			name = Release;
		};
		A560B67528AECBB100C0DC23 /* Debug */ = {
			isa = XCBuildConfiguration;
			buildSettings = {
				ALWAYS_EMBED_SWIFT_STANDARD_LIBRARIES = YES;
				BUNDLE_LOADER = "$(TEST_HOST)";
				CODE_SIGN_STYLE = Automatic;
				CURRENT_PROJECT_VERSION = 1;
				DEVELOPMENT_TEAM = 243DN6T9ZG;
				GENERATE_INFOPLIST_FILE = YES;
				IPHONEOS_DEPLOYMENT_TARGET = 15.5;
				MARKETING_VERSION = 1.0;
				PRODUCT_BUNDLE_IDENTIFIER = level3studios.net.arithmetickTests;
				PRODUCT_NAME = "$(TARGET_NAME)";
				SWIFT_EMIT_LOC_STRINGS = NO;
				SWIFT_VERSION = 5.0;
				TARGETED_DEVICE_FAMILY = "1,2";
				TEST_HOST = "$(BUILT_PRODUCTS_DIR)/arithmetick.app/arithmetick";
			};
			name = Debug;
		};
		A560B67628AECBB100C0DC23 /* Release */ = {
			isa = XCBuildConfiguration;
			buildSettings = {
				ALWAYS_EMBED_SWIFT_STANDARD_LIBRARIES = YES;
				BUNDLE_LOADER = "$(TEST_HOST)";
				CODE_SIGN_STYLE = Automatic;
				CURRENT_PROJECT_VERSION = 1;
				DEVELOPMENT_TEAM = 243DN6T9ZG;
				GENERATE_INFOPLIST_FILE = YES;
				IPHONEOS_DEPLOYMENT_TARGET = 15.5;
				MARKETING_VERSION = 1.0;
				PRODUCT_BUNDLE_IDENTIFIER = level3studios.net.arithmetickTests;
				PRODUCT_NAME = "$(TARGET_NAME)";
				SWIFT_EMIT_LOC_STRINGS = NO;
				SWIFT_VERSION = 5.0;
				TARGETED_DEVICE_FAMILY = "1,2";
				TEST_HOST = "$(BUILT_PRODUCTS_DIR)/arithmetick.app/arithmetick";
			};
			name = Release;
		};
		A560B67828AECBB100C0DC23 /* Debug */ = {
			isa = XCBuildConfiguration;
			buildSettings = {
				ALWAYS_EMBED_SWIFT_STANDARD_LIBRARIES = YES;
				CODE_SIGN_STYLE = Automatic;
				CURRENT_PROJECT_VERSION = 1;
				DEVELOPMENT_TEAM = 243DN6T9ZG;
				GENERATE_INFOPLIST_FILE = YES;
				MARKETING_VERSION = 1.0;
				PRODUCT_BUNDLE_IDENTIFIER = level3studios.net.arithmetickUITests;
				PRODUCT_NAME = "$(TARGET_NAME)";
				SWIFT_EMIT_LOC_STRINGS = NO;
				SWIFT_VERSION = 5.0;
				TARGETED_DEVICE_FAMILY = "1,2";
				TEST_TARGET_NAME = arithmetick;
			};
			name = Debug;
		};
		A560B67928AECBB100C0DC23 /* Release */ = {
			isa = XCBuildConfiguration;
			buildSettings = {
				ALWAYS_EMBED_SWIFT_STANDARD_LIBRARIES = YES;
				CODE_SIGN_STYLE = Automatic;
				CURRENT_PROJECT_VERSION = 1;
				DEVELOPMENT_TEAM = 243DN6T9ZG;
				GENERATE_INFOPLIST_FILE = YES;
				MARKETING_VERSION = 1.0;
				PRODUCT_BUNDLE_IDENTIFIER = level3studios.net.arithmetickUITests;
				PRODUCT_NAME = "$(TARGET_NAME)";
				SWIFT_EMIT_LOC_STRINGS = NO;
				SWIFT_VERSION = 5.0;
				TARGETED_DEVICE_FAMILY = "1,2";
				TEST_TARGET_NAME = arithmetick;
			};
			name = Release;
		};
/* End XCBuildConfiguration section */

/* Begin XCConfigurationList section */
		A560B64828AECBAF00C0DC23 /* Build configuration list for PBXProject "arithmetick" */ = {
			isa = XCConfigurationList;
			buildConfigurations = (
				A560B66F28AECBB100C0DC23 /* Debug */,
				A560B67028AECBB100C0DC23 /* Release */,
			);
			defaultConfigurationIsVisible = 0;
			defaultConfigurationName = Release;
		};
		A560B67128AECBB100C0DC23 /* Build configuration list for PBXNativeTarget "arithmetick" */ = {
			isa = XCConfigurationList;
			buildConfigurations = (
				A560B67228AECBB100C0DC23 /* Debug */,
				A560B67328AECBB100C0DC23 /* Release */,
			);
			defaultConfigurationIsVisible = 0;
			defaultConfigurationName = Release;
		};
		A560B67428AECBB100C0DC23 /* Build configuration list for PBXNativeTarget "arithmetickTests" */ = {
			isa = XCConfigurationList;
			buildConfigurations = (
				A560B67528AECBB100C0DC23 /* Debug */,
				A560B67628AECBB100C0DC23 /* Release */,
			);
			defaultConfigurationIsVisible = 0;
			defaultConfigurationName = Release;
		};
		A560B67728AECBB100C0DC23 /* Build configuration list for PBXNativeTarget "arithmetickUITests" */ = {
			isa = XCConfigurationList;
			buildConfigurations = (
				A560B67828AECBB100C0DC23 /* Debug */,
				A560B67928AECBB100C0DC23 /* Release */,
			);
			defaultConfigurationIsVisible = 0;
			defaultConfigurationName = Release;
		};
/* End XCConfigurationList section */

/* Begin XCRemoteSwiftPackageReference section */
		A560B67A28AECF2F00C0DC23 /* XCRemoteSwiftPackageReference "SFSafeSymbols" */ = {
			isa = XCRemoteSwiftPackageReference;
			repositoryURL = "https://github.com/SFSafeSymbols/SFSafeSymbols";
			requirement = {
				kind = upToNextMajorVersion;
				minimumVersion = 3.0.0;
			};
		};
/* End XCRemoteSwiftPackageReference section */

/* Begin XCSwiftPackageProductDependency section */
		A560B67B28AECF2F00C0DC23 /* SFSafeSymbols */ = {
			isa = XCSwiftPackageProductDependency;
			package = A560B67A28AECF2F00C0DC23 /* XCRemoteSwiftPackageReference "SFSafeSymbols" */;
			productName = SFSafeSymbols;
		};
/* End XCSwiftPackageProductDependency section */
	};
	rootObject = A560B64528AECBAF00C0DC23 /* Project object */;
}
